{
  "originHash" : "42abf89102465f3e9545eb3c39a12ad1c9f91668dfd69203c0948c03846955e8",
  "pins" : [
    {
      "identity" : "lumikernel",
      "kind" : "remoteSourceControl",
      "location" : "https://github.com/CofficLab/LumiKernel.git",
      "state" : {
        "branch" : "main",
        "revision" : "4a30c5f4d6e3b24be61e87a036b14720ef0f1654"
      }
    },
    {
      "identity" : "lumilocalization",
      "kind" : "remoteSourceControl",
      "location" : "https://github.com/CofficLab/LumiLocalization.git",
      "state" : {
        "revision" : "2a65f2ea3626936a559458352b8ae694f2f6f74a",
        "version" : "1.0.0"
      }
    },
    {
      "identity" : "lumilogging",
      "kind" : "remoteSourceControl",
      "location" : "https://github.com/CofficLab/LumiLogging.git",
      "state" : {
        "revision" : "8c00bb13b76a21f88bee186a68ca20568550f65e",
        "version" : "1.0.1"
      }
    },
    {
      "identity" : "lumiproviders",
      "kind" : "remoteSourceControl",
      "location" : "https://github.com/CofficLab/LumiProviders.git",
      "state" : {
        "revision" : "a7abaf96f6fdc1390f21ccff8846993f08c9c7cb",
        "version" : "1.2.7"
      }
    },
    {
      "identity" : "lumiui",
      "kind" : "remoteSourceControl",
      "location" : "https://github.com/CofficLab/LumiUI.git",
      "state" : {
        "revision" : "e54783a431c018a6f4b64797274dbe0118f490d4",
        "version" : "1.7.0"
      }
    }
  ],
  "version" : 3
}
