{
  "originHash": "d905f19f0ab945c54fce20e8c6c5ae8421a5c0c2eadd29311829352b02c8fc98",
  "pins": [
    {
      "identity": "lumikernel",
      "kind": "remoteSourceControl",
      "location": "https://github.com/CofficLab/LumiKernel.git",
      "state": {
        "branch": "main",
        "revision": "4a30c5f4d6e3b24be61e87a036b14720ef0f1654"
      }
    },
    {
      "identity": "lumiui",
      "kind": "remoteSourceControl",
      "location": "https://github.com/CofficLab/LumiUI.git",
      "state": {
        "revision": "e54783a431c018a6f4b64797274dbe0118f490d4",
        "version": "1.7.0"
      }
    }
  ],
  "version": 3
}
