{
  "originHash": "a73f182ae9205695bc848ce073cba630f38745930f3379ce33179f69cca3a846",
  "pins": [
    {
      "identity": "lumikernel",
      "kind": "remoteSourceControl",
      "location": "https://github.com/CofficLab/LumiKernel.git",
      "state": {
        "branch": "main",
        "revision": "4a30c5f4d6e3b24be61e87a036b14720ef0f1654"
      }
    },
    {
      "identity": "lumilocalization",
      "kind": "remoteSourceControl",
      "location": "https://github.com/CofficLab/LumiLocalization.git",
      "state": {
        "revision": "6dbb3c9d646538ffccb77b1edd3515bc5bb8aa3e",
        "version": "1.0.1"
      }
    },
    {
      "identity": "lumilogging",
      "kind": "remoteSourceControl",
      "location": "https://github.com/CofficLab/LumiLogging.git",
      "state": {
        "revision": "8c00bb13b76a21f88bee186a68ca20568550f65e",
        "version": "1.0.1"
      }
    },
    {
      "identity": "lumipluginsettingview",
      "kind": "remoteSourceControl",
      "location": "https://github.com/CofficLab/LumiPluginSettingView.git",
      "state": {
        "revision": "a722ad47a768145169ddc54c4a7bad7fd4b3b0b2",
        "version": "1.0.2"
      }
    },
    {
      "identity": "lumipluginstorage",
      "kind": "remoteSourceControl",
      "location": "https://github.com/CofficLab/LumiPluginStorage.git",
      "state": {
        "revision": "521d3ed40f374a03cd2aea5b9bfd5ed13375ee12",
        "version": "1.1.1"
      }
    },
    {
      "identity": "lumipluginthemepack",
      "kind": "remoteSourceControl",
      "location": "https://github.com/CofficLab/LumiPluginThemePack.git",
      "state": {
        "revision": "fd4d91c866cea4c5ed5bebc3aa985a90709cff8e",
        "version": "1.1.0"
      }
    },
    {
      "identity": "lumiplugintoast",
      "kind": "remoteSourceControl",
      "location": "https://github.com/CofficLab/LumiPluginToast.git",
      "state": {
        "revision": "0dcd45a9866bffda3147d6fae4d2edd6c46de5a8",
        "version": "1.0.1"
      }
    },
    {
      "identity": "lumiproviders",
      "kind": "remoteSourceControl",
      "location": "https://github.com/CofficLab/LumiProviders.git",
      "state": {
        "revision": "0703d74325475e7112a53dbf7717f702977c653c",
        "version": "1.5.0"
      }
    },
    {
      "identity": "lumisettings",
      "kind": "remoteSourceControl",
      "location": "https://github.com/CofficLab/LumiSettings.git",
      "state": {
        "revision": "59af093194b98154bba8e9ac61669b253d66e2ba",
        "version": "1.0.1"
      }
    },
    {
      "identity": "lumithemepack",
      "kind": "remoteSourceControl",
      "location": "https://github.com/CofficLab/LumiThemePack.git",
      "state": {
        "revision": "53b356c73565c2d5bcec3d83573236dc71e91f3f",
        "version": "1.0.6"
      }
    },
    {
      "identity": "lumiui",
      "kind": "remoteSourceControl",
      "location": "https://github.com/CofficLab/LumiUI.git",
      "state": {
        "revision": "e54783a431c018a6f4b64797274dbe0118f490d4",
        "version": "1.7.0"
      }
    }
  ],
  "version": 3
}
