{
  "originHash" : "6a93d5f7d2043e9cbc6deb8ee764f3c410f53870221b6dd6a5a0499b93de8a39",
  "pins" : [
    {
      "identity" : "id3tageditor",
      "kind" : "remoteSourceControl",
      "location" : "https://github.com/chicio/ID3TagEditor",
      "state" : {
        "revision" : "3ccc31eafae0ded1fea8c9acd5e7ef7dfdbf1e8e",
        "version" : "4.6.0"
      }
    },
    {
      "identity" : "lumikernel",
      "kind" : "remoteSourceControl",
      "location" : "https://github.com/CofficLab/LumiKernel.git",
      "state" : {
        "branch" : "main",
        "revision" : "4a30c5f4d6e3b24be61e87a036b14720ef0f1654"
      }
    },
    {
      "identity" : "lumilogging",
      "kind" : "remoteSourceControl",
      "location" : "https://github.com/CofficLab/LumiLogging.git",
      "state" : {
        "revision" : "8c00bb13b76a21f88bee186a68ca20568550f65e",
        "version" : "1.0.1"
      }
    },
    {
      "identity" : "lumiproviders",
      "kind" : "remoteSourceControl",
      "location" : "https://github.com/CofficLab/LumiProviders.git",
      "state" : {
        "revision" : "eb5e40248b3f960975c2b4425f81adac13c60371",
        "version" : "1.1.1"
      }
    },
    {
      "identity" : "lumithemepack",
      "kind" : "remoteSourceControl",
      "location" : "https://github.com/CofficLab/LumiThemePack.git",
      "state" : {
        "revision" : "38cc822ea2411f8990fbb0243d2ef451f627da81",
        "version" : "1.0.2"
      }
    },
    {
      "identity" : "lumiui",
      "kind" : "remoteSourceControl",
      "location" : "https://github.com/CofficLab/LumiUI.git",
      "state" : {
        "revision" : "e54783a431c018a6f4b64797274dbe0118f490d4",
        "version" : "1.7.0"
      }
    },
    {
      "identity" : "magicalert",
      "kind" : "remoteSourceControl",
      "location" : "https://github.com/nookery/MagicAlert.git",
      "state" : {
        "revision" : "c01ea99ac87530ecc804f082c9311d884bc53418",
        "version" : "1.0.1"
      }
    },
    {
      "identity" : "zipfoundation",
      "kind" : "remoteSourceControl",
      "location" : "https://github.com/weichsel/ZIPFoundation.git",
      "state" : {
        "revision" : "22787ffb59de99e5dc1fbfe80b19c97a904ad48d",
        "version" : "0.9.20"
      }
    }
  ],
  "version" : 3
}
