// !$*UTF8*$!
{
	archiveVersion = 1;
	classes = {
	};
	objectVersion = 77;
	objects = {

/* Begin PBXBuildFile section */
		0B70E95B2F52000100A12345 /* WakeryUI in Frameworks */ = {isa = PBXBuildFile; productRef = 0B70E95A2F52000100A12345 /* WakeryUI */; };
		0B70E9672F52000200A1234D /* FactoryWakey in Frameworks */ = {isa = PBXBuildFile; productRef = 0B70E9642F52000200A1234A /* FactoryWakey */; };
		0B70E9682F52000200A1234E /* KernelCore in Frameworks */ = {isa = PBXBuildFile; productRef = 0B70E9652F52000200A1234B /* KernelCore */; };
		0B70E9692F52000200A1234F /* ProviderWakeyHost in Frameworks */ = {isa = PBXBuildFile; productRef = 0B70E9662F52000200A1234C /* ProviderWakeyHost */; };
		0B70E96B2F52000200A12351 /* MagicKit in Frameworks */ = {isa = PBXBuildFile; productRef = 0B70E96A2F52000200A12350 /* MagicKit */; };
/* End PBXBuildFile section */

/* Begin PBXFileReference section */
		F53C49142F1A42EC00929321 /* Wakey.app */ = {isa = PBXFileReference; explicitFileType = wrapper.application; includeInIndex = 0; path = Wakey.app; sourceTree = BUILT_PRODUCTS_DIR; };
/* End PBXFileReference section */

/* Begin PBXFileSystemSynchronizedRootGroup section */
		0B18AD822FE2C9BD00CBB621 /* WakeyApp */ = {
			isa = PBXFileSystemSynchronizedRootGroup;
			path = WakeyApp;
			sourceTree = "<group>";
		};
/* End PBXFileSystemSynchronizedRootGroup section */

/* Begin PBXFrameworksBuildPhase section */
		F54F8C7B2F1A3B6500AABB2A /* Frameworks */ = {
			isa = PBXFrameworksBuildPhase;
			buildActionMask = 2147483647;
			files = (
				0B70E9672F52000200A1234D /* FactoryWakey in Frameworks */,
				0B70E9682F52000200A1234E /* KernelCore in Frameworks */,
				0B70E9692F52000200A1234F /* ProviderWakeyHost in Frameworks */,
				0B70E96B2F52000200A12351 /* MagicKit in Frameworks */,
				0B70E95B2F52000100A12345 /* WakeryUI in Frameworks */,
			);
			runOnlyForDeploymentPostprocessing = 0;
		};
/* End PBXFrameworksBuildPhase section */

/* Begin PBXGroup section */
		F533646F2F51A58B00020751 /* Frameworks */ = {
			isa = PBXGroup;
			children = (
			);
			name = Frameworks;
			sourceTree = "<group>";
		};
		F54F8C752F1A3B6500AABB2A = {
			isa = PBXGroup;
			children = (
				0B18AD822FE2C9BD00CBB621 /* WakeyApp */,
				F53C49142F1A42EC00929321 /* Wakey.app */,
				F533646F2F51A58B00020751 /* Frameworks */,
			);
			sourceTree = "<group>";
		};
/* End PBXGroup section */

/* Begin PBXNativeTarget section */
		F54F8C7D2F1A3B6500AABB2A /* Wakey */ = {
			isa = PBXNativeTarget;
			buildConfigurationList = F54F8C8A2F1A3B6600AABB2A /* Build configuration list for PBXNativeTarget "Wakey" */;
			buildPhases = (
				F54F8C7A2F1A3B6500AABB2A /* Sources */,
				F54F8C7B2F1A3B6500AABB2A /* Frameworks */,
				F54F8C7C2F1A3B6500AABB2A /* Resources */,
			);
			buildRules = (
			);
			dependencies = (
			);
			fileSystemSynchronizedGroups = (
				0B18AD822FE2C9BD00CBB621 /* WakeyApp */,
			);
			name = Wakey;
			packageProductDependencies = (
				0B70E9642F52000200A1234A /* FactoryWakey */,
				0B70E9652F52000200A1234B /* KernelCore */,
				0B70E9662F52000200A1234C /* ProviderWakeyHost */,
				0B70E96A2F52000200A12350 /* MagicKit */,
				0B70E95A2F52000100A12345 /* WakeryUI */,
			);
			productName = "SwiftUI-Template";
			productReference = F53C49142F1A42EC00929321 /* Wakey.app */;
			productType = "com.apple.product-type.application";
		};
/* End PBXNativeTarget section */

/* Begin PBXProject section */
		F54F8C762F1A3B6500AABB2A /* Project object */ = {
			isa = PBXProject;
			attributes = {
				BuildIndependentTargetsInParallel = 1;
				LastSwiftUpdateCheck = 2620;
				LastUpgradeCheck = 2620;
				TargetAttributes = {
					F54F8C7D2F1A3B6500AABB2A = {
						CreatedOnToolsVersion = 16.4;
					};
				};
			};
			buildConfigurationList = F54F8C792F1A3B6500AABB2A /* Build configuration list for PBXProject "Wakey" */;
			developmentRegion = en;
			hasScannedForEncodings = 0;
			knownRegions = (
				en,
				Base,
				"zh-Hans",
				"zh-HK",
			);
			mainGroup = F54F8C752F1A3B6500AABB2A;
			minimizedProjectReferenceProxies = 1;
			packageReferences = (
				0B70E9632F52000200A12349 /* XCRemoteSwiftPackageReference "LumiKernel" */,
				0B70E9602F52000200A12346 /* XCLocalSwiftPackageReference "Packages/FactoryWakey" */,
				0B70E9612F52000200A12347 /* XCLocalSwiftPackageReference "Packages/ProviderWakeyHost" */,
				0B70E9622F52000200A12348 /* XCLocalSwiftPackageReference "Packages/MagicKit" */,
				0B70E9592F52000100A12345 /* XCLocalSwiftPackageReference "Packages/WakeryUI" */,
			);
			preferredProjectObjectVersion = 77;
			productRefGroup = F54F8C752F1A3B6500AABB2A;
			projectDirPath = "";
			projectRoot = "";
			targets = (
				F54F8C7D2F1A3B6500AABB2A /* Wakey */,
			);
		};
/* End PBXProject section */

/* Begin PBXResourcesBuildPhase section */
		F54F8C7C2F1A3B6500AABB2A /* Resources */ = {
			isa = PBXResourcesBuildPhase;
			buildActionMask = 2147483647;
			files = (
			);
			runOnlyForDeploymentPostprocessing = 0;
		};
/* End PBXResourcesBuildPhase section */

/* Begin PBXSourcesBuildPhase section */
		F54F8C7A2F1A3B6500AABB2A /* Sources */ = {
			isa = PBXSourcesBuildPhase;
			buildActionMask = 2147483647;
			files = (
			);
			runOnlyForDeploymentPostprocessing = 0;
		};
/* End PBXSourcesBuildPhase section */

/* Begin XCBuildConfiguration section */
		F54F8C882F1A3B6600AABB2A /* Debug */ = {
			isa = XCBuildConfiguration;
			buildSettings = {
				ALWAYS_SEARCH_USER_PATHS = NO;
				ASSETCATALOG_COMPILER_GENERATE_SWIFT_ASSET_SYMBOL_EXTENSIONS = YES;
				CLANG_ANALYZER_NONNULL = YES;
				CLANG_ANALYZER_NUMBER_OBJECT_CONVERSION = YES_AGGRESSIVE;
				CLANG_CXX_LANGUAGE_STANDARD = "gnu++20";
				CLANG_ENABLE_MODULES = YES;
				CLANG_ENABLE_OBJC_ARC = YES;
				CLANG_ENABLE_OBJC_WEAK = YES;
				CLANG_WARN_BLOCK_CAPTURE_AUTORELEASING = YES;
				CLANG_WARN_BOOL_CONVERSION = YES;
				CLANG_WARN_COMMA = YES;
				CLANG_WARN_CONSTANT_CONVERSION = YES;
				CLANG_WARN_DEPRECATED_OBJC_IMPLEMENTATIONS = YES;
				CLANG_WARN_DIRECT_OBJC_ISA_USAGE = YES_ERROR;
				CLANG_WARN_DOCUMENTATION_COMMENTS = YES;
				CLANG_WARN_EMPTY_BODY = YES;
				CLANG_WARN_ENUM_CONVERSION = YES;
				CLANG_WARN_INFINITE_RECURSION = YES;
				CLANG_WARN_INT_CONVERSION = YES;
				CLANG_WARN_NON_LITERAL_NULL_CONVERSION = YES;
				CLANG_WARN_OBJC_IMPLICIT_RETAIN_SELF = YES;
				CLANG_WARN_OBJC_LITERAL_CONVERSION = YES;
				CLANG_WARN_OBJC_ROOT_CLASS = YES_ERROR;
				CLANG_WARN_QUOTED_INCLUDE_IN_FRAMEWORK_HEADER = YES;
				CLANG_WARN_RANGE_LOOP_ANALYSIS = YES;
				CLANG_WARN_STRICT_PROTOTYPES = YES;
				CLANG_WARN_SUSPICIOUS_MOVE = YES;
				CLANG_WARN_UNGUARDED_AVAILABILITY = YES_AGGRESSIVE;
				CLANG_WARN_UNREACHABLE_CODE = YES;
				CLANG_WARN__DUPLICATE_METHOD_MATCH = YES;
				COPY_PHASE_STRIP = NO;
				DEAD_CODE_STRIPPING = YES;
				DEBUG_INFORMATION_FORMAT = dwarf;
				DEVELOPMENT_TEAM = Y6HZ9JJYV6;
				ENABLE_STRICT_OBJC_MSGSEND = YES;
				ENABLE_TESTABILITY = YES;
				ENABLE_USER_SCRIPT_SANDBOXING = NO;
				GCC_C_LANGUAGE_STANDARD = gnu17;
				GCC_DYNAMIC_NO_PIC = NO;
				GCC_NO_COMMON_BLOCKS = YES;
				GCC_OPTIMIZATION_LEVEL = 0;
				GCC_PREPROCESSOR_DEFINITIONS = (
					"DEBUG=1",
					"$(inherited)",
				);
				GCC_WARN_64_TO_32_BIT_CONVERSION = YES;
				GCC_WARN_ABOUT_RETURN_TYPE = YES_ERROR;
				GCC_WARN_UNDECLARED_SELECTOR = YES;
				GCC_WARN_UNINITIALIZED_AUTOS = YES_AGGRESSIVE;
				GCC_WARN_UNUSED_FUNCTION = YES;
				GCC_WARN_UNUSED_VARIABLE = YES;
				LOCALIZATION_PREFERS_STRING_CATALOGS = YES;
				MACOSX_DEPLOYMENT_TARGET = 14.0;
				MTL_ENABLE_DEBUG_INFO = INCLUDE_SOURCE;
				MTL_FAST_MATH = YES;
				ONLY_ACTIVE_ARCH = YES;
				SDKROOT = macosx;
				STRING_CATALOG_GENERATE_SYMBOLS = YES;
				SWIFT_ACTIVE_COMPILATION_CONDITIONS = "DEBUG $(inherited)";
				SWIFT_EMIT_LOC_STRINGS = YES;
				SWIFT_OPTIMIZATION_LEVEL = "-Onone";
			};
			name = Debug;
		};
		F54F8C892F1A3B6600AABB2A /* Release */ = {
			isa = XCBuildConfiguration;
			buildSettings = {
				ALWAYS_SEARCH_USER_PATHS = NO;
				ASSETCATALOG_COMPILER_GENERATE_SWIFT_ASSET_SYMBOL_EXTENSIONS = YES;
				CLANG_ANALYZER_NONNULL = YES;
				CLANG_ANALYZER_NUMBER_OBJECT_CONVERSION = YES_AGGRESSIVE;
				CLANG_CXX_LANGUAGE_STANDARD = "gnu++20";
				CLANG_ENABLE_MODULES = YES;
				CLANG_ENABLE_OBJC_ARC = YES;
				CLANG_ENABLE_OBJC_WEAK = YES;
				CLANG_WARN_BLOCK_CAPTURE_AUTORELEASING = YES;
				CLANG_WARN_BOOL_CONVERSION = YES;
				CLANG_WARN_COMMA = YES;
				CLANG_WARN_CONSTANT_CONVERSION = YES;
				CLANG_WARN_DEPRECATED_OBJC_IMPLEMENTATIONS = YES;
				CLANG_WARN_DIRECT_OBJC_ISA_USAGE = YES_ERROR;
				CLANG_WARN_DOCUMENTATION_COMMENTS = YES;
				CLANG_WARN_EMPTY_BODY = YES;
				CLANG_WARN_ENUM_CONVERSION = YES;
				CLANG_WARN_INFINITE_RECURSION = YES;
				CLANG_WARN_INT_CONVERSION = YES;
				CLANG_WARN_NON_LITERAL_NULL_CONVERSION = YES;
				CLANG_WARN_OBJC_IMPLICIT_RETAIN_SELF = YES;
				CLANG_WARN_OBJC_LITERAL_CONVERSION = YES;
				CLANG_WARN_OBJC_ROOT_CLASS = YES_ERROR;
				CLANG_WARN_QUOTED_INCLUDE_IN_FRAMEWORK_HEADER = YES;
				CLANG_WARN_RANGE_LOOP_ANALYSIS = YES;
				CLANG_WARN_STRICT_PROTOTYPES = YES;
				CLANG_WARN_SUSPICIOUS_MOVE = YES;
				CLANG_WARN_UNGUARDED_AVAILABILITY = YES_AGGRESSIVE;
				CLANG_WARN_UNREACHABLE_CODE = YES;
				CLANG_WARN__DUPLICATE_METHOD_MATCH = YES;
				COPY_PHASE_STRIP = NO;
				DEAD_CODE_STRIPPING = YES;
				DEBUG_INFORMATION_FORMAT = "dwarf-with-dsym";
				DEVELOPMENT_TEAM = Y6HZ9JJYV6;
				ENABLE_NS_ASSERTIONS = NO;
				ENABLE_STRICT_OBJC_MSGSEND = YES;
				ENABLE_USER_SCRIPT_SANDBOXING = NO;
				GCC_C_LANGUAGE_STANDARD = gnu17;
				GCC_NO_COMMON_BLOCKS = YES;
				GCC_WARN_64_TO_32_BIT_CONVERSION = YES;
				GCC_WARN_ABOUT_RETURN_TYPE = YES_ERROR;
				GCC_WARN_UNDECLARED_SELECTOR = YES;
				GCC_WARN_UNINITIALIZED_AUTOS = YES_AGGRESSIVE;
				GCC_WARN_UNUSED_FUNCTION = YES;
				GCC_WARN_UNUSED_VARIABLE = YES;
				LOCALIZATION_PREFERS_STRING_CATALOGS = YES;
				MACOSX_DEPLOYMENT_TARGET = 14.0;
				MTL_ENABLE_DEBUG_INFO = NO;
				MTL_FAST_MATH = YES;
				SDKROOT = macosx;
				STRING_CATALOG_GENERATE_SYMBOLS = YES;
				SWIFT_COMPILATION_MODE = wholemodule;
				SWIFT_EMIT_LOC_STRINGS = YES;
			};
			name = Release;
		};
		F54F8C8B2F1A3B6600AABB2A /* Debug */ = {
			isa = XCBuildConfiguration;
			buildSettings = {
				ASSETCATALOG_COMPILER_APPICON_NAME = AppIcon;
				ASSETCATALOG_COMPILER_GLOBAL_ACCENT_COLOR_NAME = AccentColor;
				CODE_SIGN_ENTITLEMENTS = WakeyApp/App.entitlements;
				"CODE_SIGN_IDENTITY[sdk=macosx*]" = "-";
				CODE_SIGN_STYLE = Automatic;
				COMBINE_HIDPI_IMAGES = YES;
				CURRENT_PROJECT_VERSION = 2;
				DEAD_CODE_STRIPPING = YES;
				DEVELOPMENT_TEAM = Y6HZ9JJYV6;
				ENABLE_APP_SANDBOX = YES;
				ENABLE_HARDENED_RUNTIME = YES;
				ENABLE_INCOMING_NETWORK_CONNECTIONS = NO;
				ENABLE_OUTGOING_NETWORK_CONNECTIONS = NO;
				ENABLE_PREVIEWS = YES;
				ENABLE_RESOURCE_ACCESS_AUDIO_INPUT = NO;
				ENABLE_RESOURCE_ACCESS_BLUETOOTH = NO;
				ENABLE_RESOURCE_ACCESS_CALENDARS = NO;
				ENABLE_RESOURCE_ACCESS_CAMERA = NO;
				ENABLE_RESOURCE_ACCESS_CONTACTS = NO;
				ENABLE_RESOURCE_ACCESS_LOCATION = NO;
				ENABLE_RESOURCE_ACCESS_PRINTING = NO;
				ENABLE_RESOURCE_ACCESS_USB = NO;
				GENERATE_INFOPLIST_FILE = YES;
				INFOPLIST_FILE = WakeyApp/Info.plist;
				INFOPLIST_KEY_CFBundleDisplayName = Wakey;
				INFOPLIST_KEY_ITSAppUsesNonExemptEncryption = NO;
				INFOPLIST_KEY_LSApplicationCategoryType = "public.app-category.utilities";
				INFOPLIST_KEY_LSUIElement = YES;
				INFOPLIST_KEY_NSHumanReadableCopyright = "";
				LD_RUNPATH_SEARCH_PATHS = (
					"$(inherited)",
					"@executable_path/../Frameworks",
				);
				MARKETING_VERSION = 1.7.0;
				PRODUCT_BUNDLE_IDENTIFIER = com.coffic.wakey;
				PRODUCT_NAME = "$(TARGET_NAME)";
				REGISTER_APP_GROUPS = YES;
				SWIFT_EMIT_LOC_STRINGS = YES;
				SWIFT_VERSION = 6.0;
			};
			name = Debug;
		};
		F54F8C8C2F1A3B6600AABB2A /* Release */ = {
			isa = XCBuildConfiguration;
			buildSettings = {
				ASSETCATALOG_COMPILER_APPICON_NAME = AppIcon;
				ASSETCATALOG_COMPILER_GLOBAL_ACCENT_COLOR_NAME = AccentColor;
				CODE_SIGN_ENTITLEMENTS = WakeyApp/App.entitlements;
				"CODE_SIGN_IDENTITY[sdk=macosx*]" = "-";
				CODE_SIGN_STYLE = Automatic;
				COMBINE_HIDPI_IMAGES = YES;
				CURRENT_PROJECT_VERSION = 2;
				DEAD_CODE_STRIPPING = YES;
				DEVELOPMENT_TEAM = Y6HZ9JJYV6;
				ENABLE_APP_SANDBOX = YES;
				ENABLE_HARDENED_RUNTIME = YES;
				ENABLE_INCOMING_NETWORK_CONNECTIONS = NO;
				ENABLE_OUTGOING_NETWORK_CONNECTIONS = NO;
				ENABLE_PREVIEWS = YES;
				ENABLE_RESOURCE_ACCESS_AUDIO_INPUT = NO;
				ENABLE_RESOURCE_ACCESS_BLUETOOTH = NO;
				ENABLE_RESOURCE_ACCESS_CALENDARS = NO;
				ENABLE_RESOURCE_ACCESS_CAMERA = NO;
				ENABLE_RESOURCE_ACCESS_CONTACTS = NO;
				ENABLE_RESOURCE_ACCESS_LOCATION = NO;
				ENABLE_RESOURCE_ACCESS_PRINTING = NO;
				ENABLE_RESOURCE_ACCESS_USB = NO;
				GENERATE_INFOPLIST_FILE = YES;
				INFOPLIST_FILE = WakeyApp/Info.plist;
				INFOPLIST_KEY_CFBundleDisplayName = Wakey;
				INFOPLIST_KEY_ITSAppUsesNonExemptEncryption = NO;
				INFOPLIST_KEY_LSApplicationCategoryType = "public.app-category.utilities";
				INFOPLIST_KEY_LSUIElement = YES;
				INFOPLIST_KEY_NSHumanReadableCopyright = "";
				LD_RUNPATH_SEARCH_PATHS = (
					"$(inherited)",
					"@executable_path/../Frameworks",
				);
				MARKETING_VERSION = 1.7.0;
				PRODUCT_BUNDLE_IDENTIFIER = com.coffic.wakey;
				PRODUCT_NAME = "$(TARGET_NAME)";
				REGISTER_APP_GROUPS = YES;
				SWIFT_EMIT_LOC_STRINGS = YES;
				SWIFT_VERSION = 6.0;
			};
			name = Release;
		};
/* End XCBuildConfiguration section */

/* Begin XCConfigurationList section */
		F54F8C792F1A3B6500AABB2A /* Build configuration list for PBXProject "Wakey" */ = {
			isa = XCConfigurationList;
			buildConfigurations = (
				F54F8C882F1A3B6600AABB2A /* Debug */,
				F54F8C892F1A3B6600AABB2A /* Release */,
			);
			defaultConfigurationIsVisible = 0;
			defaultConfigurationName = Release;
		};
		F54F8C8A2F1A3B6600AABB2A /* Build configuration list for PBXNativeTarget "Wakey" */ = {
			isa = XCConfigurationList;
			buildConfigurations = (
				F54F8C8B2F1A3B6600AABB2A /* Debug */,
				F54F8C8C2F1A3B6600AABB2A /* Release */,
			);
			defaultConfigurationIsVisible = 0;
			defaultConfigurationName = Release;
		};
/* End XCConfigurationList section */

/* Begin XCLocalSwiftPackageReference section */
		0B70E9592F52000100A12345 /* XCLocalSwiftPackageReference "Packages/WakeryUI" */ = {
			isa = XCLocalSwiftPackageReference;
			relativePath = Packages/WakeryUI;
		};
		0B70E9602F52000200A12346 /* XCLocalSwiftPackageReference "Packages/FactoryWakey" */ = {
			isa = XCLocalSwiftPackageReference;
			relativePath = Packages/FactoryWakey;
		};
		0B70E9612F52000200A12347 /* XCLocalSwiftPackageReference "Packages/ProviderWakeyHost" */ = {
			isa = XCLocalSwiftPackageReference;
			relativePath = Packages/ProviderWakeyHost;
		};
		0B70E9622F52000200A12348 /* XCLocalSwiftPackageReference "Packages/MagicKit" */ = {
			isa = XCLocalSwiftPackageReference;
			relativePath = Packages/MagicKit;
		};
/* End XCLocalSwiftPackageReference section */

/* Begin XCRemoteSwiftPackageReference section */
		0B70E9632F52000200A12349 /* XCRemoteSwiftPackageReference "LumiKernel" */ = {
			isa = XCRemoteSwiftPackageReference;
			repositoryURL = "https://github.com/CofficLab/LumiKernel.git";
		};
/* End XCRemoteSwiftPackageReference section */

/* Begin XCSwiftPackageProductDependency section */
		0B70E95A2F52000100A12345 /* WakeryUI */ = {
			isa = XCSwiftPackageProductDependency;
			package = 0B70E9592F52000100A12345 /* XCLocalSwiftPackageReference "Packages/WakeryUI" */;
			productName = WakeryUI;
		};
		0B70E9642F52000200A1234A /* FactoryWakey */ = {
			isa = XCSwiftPackageProductDependency;
			package = 0B70E9602F52000200A12346 /* XCLocalSwiftPackageReference "Packages/FactoryWakey" */;
			productName = FactoryWakey;
		};
		0B70E9652F52000200A1234B /* KernelCore */ = {
			isa = XCSwiftPackageProductDependency;
			package = 0B70E9632F52000200A12349 /* XCRemoteSwiftPackageReference "LumiKernel" */;
			productName = KernelCore;
		};
		0B70E9662F52000200A1234C /* ProviderWakeyHost */ = {
			isa = XCSwiftPackageProductDependency;
			package = 0B70E9612F52000200A12347 /* XCLocalSwiftPackageReference "Packages/ProviderWakeyHost" */;
			productName = ProviderWakeyHost;
		};
		0B70E96A2F52000200A12350 /* MagicKit */ = {
			isa = XCSwiftPackageProductDependency;
			package = 0B70E9622F52000200A12348 /* XCLocalSwiftPackageReference "Packages/MagicKit" */;
			productName = MagicKit;
		};
/* End XCSwiftPackageProductDependency section */
	};
	rootObject = F54F8C762F1A3B6500AABB2A /* Project object */;
}
