{
  "originHash" : "55318526c141ec0aec91d6600cf920369b18928decc78d1d00f57bbae4c82f41",
  "pins" : [
    {
      "identity" : "lumikernel",
      "kind" : "remoteSourceControl",
      "location" : "https://github.com/CofficLab/LumiKernel.git",
      "state" : {
        "branch" : "main",
        "revision" : "4a30c5f4d6e3b24be61e87a036b14720ef0f1654"
      }
    }
  ],
  "version" : 3
}
