{
  "originHash" : "c5c3037e6f4e54453a8c258fe82b6bcb7ecfb665ed44d3bc633937780195f2b6",
  "pins" : [
    {
      "identity" : "lumikernel",
      "kind" : "remoteSourceControl",
      "location" : "https://github.com/CofficLab/LumiKernel.git",
      "state" : {
        "branch" : "main",
        "revision" : "4a30c5f4d6e3b24be61e87a036b14720ef0f1654"
      }
    },
    {
      "identity" : "lumiui",
      "kind" : "remoteSourceControl",
      "location" : "https://github.com/CofficLab/LumiUI.git",
      "state" : {
        "revision" : "3b3e3dc58c1c6738030b3493d747371fad941619",
        "version" : "1.5.1"
      }
    }
  ],
  "version" : 3
}
